Microsoft Visual Studio Solution File, Format Version 12.00
# Visual Studio Version 17
VisualStudioVersion = 17.5.2.0
MinimumVisualStudioVersion = 10.0.40219.1
Project("{FAE04EC0-301F-11D3-BF4B-00C04F79EFBC}") = "Uppgift.4", "Uppgift.4.csproj", "{ED149084-0487-A414-BD61-5FD06D982B28}"
EndProject
Global
	GlobalSection(SolutionConfigurationPlatforms) = preSolution
		Debug|Any CPU = Debug|Any CPU
		Release|Any CPU = Release|Any CPU
	EndGlobalSection
	GlobalSection(ProjectConfigurationPlatforms) = postSolution
		{ED149084-0487-A414-BD61-5FD06D982B28}.Debug|Any CPU.ActiveCfg = Debug|Any CPU
		{ED149084-0487-A414-BD61-5FD06D982B28}.Debug|Any CPU.Build.0 = Debug|Any CPU
		{ED149084-0487-A414-BD61-5FD06D982B28}.Release|Any CPU.ActiveCfg = Release|Any CPU
		{ED149084-0487-A414-BD61-5FD06D982B28}.Release|Any CPU.Build.0 = Release|Any CPU
	EndGlobalSection
	GlobalSection(SolutionProperties) = preSolution
		HideSolutionNode = FALSE
	EndGlobalSection
	GlobalSection(ExtensibilityGlobals) = postSolution
		SolutionGuid = {21FE1E59-5F86-4ECE-AC0C-E714AA283E7D}
	EndGlobalSection
EndGlobal
