Microsoft Visual Studio Solution File, Format Version 12.00
# Visual Studio Version 17
VisualStudioVersion = 17.5.2.0
MinimumVisualStudioVersion = 10.0.40219.1
Project("{FAE04EC0-301F-11D3-BF4B-00C04F79EFBC}") = "Morsekod", "Morsekod.csproj", "{B6EB73BD-8A22-07A4-9989-51E1A6FE90DD}"
EndProject
Global
	GlobalSection(SolutionConfigurationPlatforms) = preSolution
		Debug|Any CPU = Debug|Any CPU
		Release|Any CPU = Release|Any CPU
	EndGlobalSection
	GlobalSection(ProjectConfigurationPlatforms) = postSolution
		{B6EB73BD-8A22-07A4-9989-51E1A6FE90DD}.Debug|Any CPU.ActiveCfg = Debug|Any CPU
		{B6EB73BD-8A22-07A4-9989-51E1A6FE90DD}.Debug|Any CPU.Build.0 = Debug|Any CPU
		{B6EB73BD-8A22-07A4-9989-51E1A6FE90DD}.Release|Any CPU.ActiveCfg = Release|Any CPU
		{B6EB73BD-8A22-07A4-9989-51E1A6FE90DD}.Release|Any CPU.Build.0 = Release|Any CPU
	EndGlobalSection
	GlobalSection(SolutionProperties) = preSolution
		HideSolutionNode = FALSE
	EndGlobalSection
	GlobalSection(ExtensibilityGlobals) = postSolution
		SolutionGuid = {3A999870-83FE-4109-BEC5-89E9BAD57FE9}
	EndGlobalSection
EndGlobal
