Microsoft Visual Studio Solution File, Format Version 12.00
# Visual Studio Version 17
VisualStudioVersion = 17.5.2.0
MinimumVisualStudioVersion = 10.0.40219.1
Project("{FAE04EC0-301F-11D3-BF4B-00C04F79EFBC}") = "Swishapp", "Swishapp.csproj", "{B235BE70-FCBC-2932-5154-32B1A9D6ABDE}"
EndProject
Global
	GlobalSection(SolutionConfigurationPlatforms) = preSolution
		Debug|Any CPU = Debug|Any CPU
		Release|Any CPU = Release|Any CPU
	EndGlobalSection
	GlobalSection(ProjectConfigurationPlatforms) = postSolution
		{B235BE70-FCBC-2932-5154-32B1A9D6ABDE}.Debug|Any CPU.ActiveCfg = Debug|Any CPU
		{B235BE70-FCBC-2932-5154-32B1A9D6ABDE}.Debug|Any CPU.Build.0 = Debug|Any CPU
		{B235BE70-FCBC-2932-5154-32B1A9D6ABDE}.Release|Any CPU.ActiveCfg = Release|Any CPU
		{B235BE70-FCBC-2932-5154-32B1A9D6ABDE}.Release|Any CPU.Build.0 = Release|Any CPU
	EndGlobalSection
	GlobalSection(SolutionProperties) = preSolution
		HideSolutionNode = FALSE
	EndGlobalSection
	GlobalSection(ExtensibilityGlobals) = postSolution
		SolutionGuid = {03968D9C-449F-4320-B12F-9DBC9A94B6DF}
	EndGlobalSection
EndGlobal
